
Microsoft Visual Studio Solution File, Format Version 12.00
# Visual Studio Version 17
VisualStudioVersion = 17.11.35303.130
MinimumVisualStudioVersion = 10.0.40219.1
Project("{2150E333-8FDC-42A3-9474-1A3956D46DE8}") = "Task0", "Task0", "{138F5A07-9B48-4744-9871-27FD41F5EA09}"
EndProject
Project("{9A19103F-16F7-4668-BE54-9A1E7A4F7556}") = "Tyuiu.SinitsinDV.Sprint0.Task0.V0", "Tyuiu.SinitsinDV.Sprint0.Task0.V0\Tyuiu.SinitsinDV.Sprint0.Task0.V0.csproj", "{3085324F-CC85-4D26-A05B-98B20348970B}"
EndProject
Project("{2150E333-8FDC-42A3-9474-1A3956D46DE8}") = "Task1", "Task1", "{5FEC6CF3-2F63-479A-863F-40A7B924A2F6}"
EndProject
Project("{9A19103F-16F7-4668-BE54-9A1E7A4F7556}") = "Tyuiu.SinitsinDV.Sprint0.Task1.V0", "Tyuiu.SinitsinDV.Sprint0.Task1.V0\Tyuiu.SinitsinDV.Sprint0.Task1.V0.csproj", "{521D0F03-F8A2-4869-823E-6AD7B44301CF}"
EndProject
Project("{2150E333-8FDC-42A3-9474-1A3956D46DE8}") = "Task2", "Task2", "{23C2EDB4-13ED-4D50-99B6-EA1495BCD523}"
EndProject
Project("{9A19103F-16F7-4668-BE54-9A1E7A4F7556}") = "Tyuiu.SinitsinDV.Sprint0.Task2.V0", "Tyuiu.SinitsinDV.Sprint0.Task2.V0\Tyuiu.SinitsinDV.Sprint0.Task2.V0.csproj", "{B8FE9115-B9A7-459B-9D0C-765F0A458E82}"
EndProject
Project("{9A19103F-16F7-4668-BE54-9A1E7A4F7556}") = "Tyuiu.SinitsinDV.Sprint0.Task2.V0.Lib", "Tyuiu.SinitsinDV.Sprint0.Task2.V0.Lib\Tyuiu.SinitsinDV.Sprint0.Task2.V0.Lib.csproj", "{B409C93E-DA60-4911-9CC4-B095B4B70303}"
EndProject
Project("{9A19103F-16F7-4668-BE54-9A1E7A4F7556}") = "Tyuiu.SinitsinDV.Sprint0.Task2.V0.Test", "Tyuiu.SinitsinDV.Sprint0.Task2.V0.Test\Tyuiu.SinitsinDV.Sprint0.Task2.V0.Test.csproj", "{B3F2612B-9224-451A-A9F6-73E96C9C2104}"
EndProject
Project("{2150E333-8FDC-42A3-9474-1A3956D46DE8}") = "Task3", "Task3", "{CC90EB9A-8290-4188-B097-D341970EF786}"
EndProject
Project("{9A19103F-16F7-4668-BE54-9A1E7A4F7556}") = "Tyuiu.SinitsinDV.Sprint0.Task3.Vo", "Tyuiu.SinitsinDV.Sprint0.Task3.Vo\Tyuiu.SinitsinDV.Sprint0.Task3.Vo.csproj", "{8C400EA2-2519-49BE-9530-795D417AAEC9}"
EndProject
Project("{9A19103F-16F7-4668-BE54-9A1E7A4F7556}") = "Tyuiu.SinitsinDV.Sprint0.Task3.V0.Lib", "Tyuiu.SinitsinDV.Sprint0.Task3.V0.Lib\Tyuiu.SinitsinDV.Sprint0.Task3.V0.Lib.csproj", "{6E8C22AB-650E-4236-9912-F70E7E634E19}"
EndProject
Project("{9A19103F-16F7-4668-BE54-9A1E7A4F7556}") = "Tyuiu.SinitsinDV.Sprint0.Task3.V0.Test", "Tyuiu.SinitsinDV.Sprint0.Task3.V0.Test\Tyuiu.SinitsinDV.Sprint0.Task3.V0.Test.csproj", "{B0DB1AF1-C353-412E-874F-695D9E6B3FE4}"
EndProject
Project("{2150E333-8FDC-42A3-9474-1A3956D46DE8}") = "Task4", "Task4", "{A6534361-64BB-4F4C-ABFF-77ED36A56B02}"
EndProject
Project("{FAE04EC0-301F-11D3-BF4B-00C04F79EFBC}") = "Tyuiu.SinitsinDV.Sprint0.Task4.Vo", "Tyuiu.SinitsinDV.Sprint0.Task4.Vo\Tyuiu.SinitsinDV.Sprint0.Task4.Vo.csproj", "{572760EB-48E3-4F7A-AB8F-159F024BE1C8}"
EndProject
Project("{FAE04EC0-301F-11D3-BF4B-00C04F79EFBC}") = "Tyuiu.SinitsinDV.Sprint0.Task4.V0.Lib", "Tyuiu.SinitsinDV.Sprint0.Task4.V0.Lib\Tyuiu.SinitsinDV.Sprint0.Task4.V0.Lib.csproj", "{2E5DAFAC-E0DF-4E14-9857-CEF5B6DB097F}"
EndProject
Project("{FAE04EC0-301F-11D3-BF4B-00C04F79EFBC}") = "Tyuiu.SinitsinDV.Sprint0.Task4.V0.Test", "Tyuiu.SinitsinDV.Sprint0.Task4.V0.Test\Tyuiu.SinitsinDV.Sprint0.Task4.V0.Test.csproj", "{FF352D3C-BE89-4514-9EE4-E24B4A779581}"
EndProject
Global
	GlobalSection(SolutionConfigurationPlatforms) = preSolution
		Debug|Any CPU = Debug|Any CPU
		Release|Any CPU = Release|Any CPU
	EndGlobalSection
	GlobalSection(ProjectConfigurationPlatforms) = postSolution
		{3085324F-CC85-4D26-A05B-98B20348970B}.Debug|Any CPU.ActiveCfg = Debug|Any CPU
		{3085324F-CC85-4D26-A05B-98B20348970B}.Debug|Any CPU.Build.0 = Debug|Any CPU
		{3085324F-CC85-4D26-A05B-98B20348970B}.Release|Any CPU.ActiveCfg = Release|Any CPU
		{3085324F-CC85-4D26-A05B-98B20348970B}.Release|Any CPU.Build.0 = Release|Any CPU
		{521D0F03-F8A2-4869-823E-6AD7B44301CF}.Debug|Any CPU.ActiveCfg = Debug|Any CPU
		{521D0F03-F8A2-4869-823E-6AD7B44301CF}.Debug|Any CPU.Build.0 = Debug|Any CPU
		{521D0F03-F8A2-4869-823E-6AD7B44301CF}.Release|Any CPU.ActiveCfg = Release|Any CPU
		{521D0F03-F8A2-4869-823E-6AD7B44301CF}.Release|Any CPU.Build.0 = Release|Any CPU
		{B8FE9115-B9A7-459B-9D0C-765F0A458E82}.Debug|Any CPU.ActiveCfg = Debug|Any CPU
		{B8FE9115-B9A7-459B-9D0C-765F0A458E82}.Debug|Any CPU.Build.0 = Debug|Any CPU
		{B8FE9115-B9A7-459B-9D0C-765F0A458E82}.Release|Any CPU.ActiveCfg = Release|Any CPU
		{B8FE9115-B9A7-459B-9D0C-765F0A458E82}.Release|Any CPU.Build.0 = Release|Any CPU
		{B409C93E-DA60-4911-9CC4-B095B4B70303}.Debug|Any CPU.ActiveCfg = Debug|Any CPU
		{B409C93E-DA60-4911-9CC4-B095B4B70303}.Debug|Any CPU.Build.0 = Debug|Any CPU
		{B409C93E-DA60-4911-9CC4-B095B4B70303}.Release|Any CPU.ActiveCfg = Release|Any CPU
		{B409C93E-DA60-4911-9CC4-B095B4B70303}.Release|Any CPU.Build.0 = Release|Any CPU
		{B3F2612B-9224-451A-A9F6-73E96C9C2104}.Debug|Any CPU.ActiveCfg = Debug|Any CPU
		{B3F2612B-9224-451A-A9F6-73E96C9C2104}.Debug|Any CPU.Build.0 = Debug|Any CPU
		{B3F2612B-9224-451A-A9F6-73E96C9C2104}.Release|Any CPU.ActiveCfg = Release|Any CPU
		{B3F2612B-9224-451A-A9F6-73E96C9C2104}.Release|Any CPU.Build.0 = Release|Any CPU
		{8C400EA2-2519-49BE-9530-795D417AAEC9}.Debug|Any CPU.ActiveCfg = Debug|Any CPU
		{8C400EA2-2519-49BE-9530-795D417AAEC9}.Debug|Any CPU.Build.0 = Debug|Any CPU
		{8C400EA2-2519-49BE-9530-795D417AAEC9}.Release|Any CPU.ActiveCfg = Release|Any CPU
		{8C400EA2-2519-49BE-9530-795D417AAEC9}.Release|Any CPU.Build.0 = Release|Any CPU
		{6E8C22AB-650E-4236-9912-F70E7E634E19}.Debug|Any CPU.ActiveCfg = Debug|Any CPU
		{6E8C22AB-650E-4236-9912-F70E7E634E19}.Debug|Any CPU.Build.0 = Debug|Any CPU
		{6E8C22AB-650E-4236-9912-F70E7E634E19}.Release|Any CPU.ActiveCfg = Release|Any CPU
		{6E8C22AB-650E-4236-9912-F70E7E634E19}.Release|Any CPU.Build.0 = Release|Any CPU
		{B0DB1AF1-C353-412E-874F-695D9E6B3FE4}.Debug|Any CPU.ActiveCfg = Debug|Any CPU
		{B0DB1AF1-C353-412E-874F-695D9E6B3FE4}.Debug|Any CPU.Build.0 = Debug|Any CPU
		{B0DB1AF1-C353-412E-874F-695D9E6B3FE4}.Release|Any CPU.ActiveCfg = Release|Any CPU
		{B0DB1AF1-C353-412E-874F-695D9E6B3FE4}.Release|Any CPU.Build.0 = Release|Any CPU
		{572760EB-48E3-4F7A-AB8F-159F024BE1C8}.Debug|Any CPU.ActiveCfg = Debug|Any CPU
		{572760EB-48E3-4F7A-AB8F-159F024BE1C8}.Debug|Any CPU.Build.0 = Debug|Any CPU
		{572760EB-48E3-4F7A-AB8F-159F024BE1C8}.Release|Any CPU.ActiveCfg = Release|Any CPU
		{572760EB-48E3-4F7A-AB8F-159F024BE1C8}.Release|Any CPU.Build.0 = Release|Any CPU
		{2E5DAFAC-E0DF-4E14-9857-CEF5B6DB097F}.Debug|Any CPU.ActiveCfg = Debug|Any CPU
		{2E5DAFAC-E0DF-4E14-9857-CEF5B6DB097F}.Debug|Any CPU.Build.0 = Debug|Any CPU
		{2E5DAFAC-E0DF-4E14-9857-CEF5B6DB097F}.Release|Any CPU.ActiveCfg = Release|Any CPU
		{2E5DAFAC-E0DF-4E14-9857-CEF5B6DB097F}.Release|Any CPU.Build.0 = Release|Any CPU
		{FF352D3C-BE89-4514-9EE4-E24B4A779581}.Debug|Any CPU.ActiveCfg = Debug|Any CPU
		{FF352D3C-BE89-4514-9EE4-E24B4A779581}.Debug|Any CPU.Build.0 = Debug|Any CPU
		{FF352D3C-BE89-4514-9EE4-E24B4A779581}.Release|Any CPU.ActiveCfg = Release|Any CPU
		{FF352D3C-BE89-4514-9EE4-E24B4A779581}.Release|Any CPU.Build.0 = Release|Any CPU
	EndGlobalSection
	GlobalSection(SolutionProperties) = preSolution
		HideSolutionNode = FALSE
	EndGlobalSection
	GlobalSection(NestedProjects) = preSolution
		{3085324F-CC85-4D26-A05B-98B20348970B} = {138F5A07-9B48-4744-9871-27FD41F5EA09}
		{521D0F03-F8A2-4869-823E-6AD7B44301CF} = {5FEC6CF3-2F63-479A-863F-40A7B924A2F6}
		{B8FE9115-B9A7-459B-9D0C-765F0A458E82} = {23C2EDB4-13ED-4D50-99B6-EA1495BCD523}
		{B409C93E-DA60-4911-9CC4-B095B4B70303} = {23C2EDB4-13ED-4D50-99B6-EA1495BCD523}
		{B3F2612B-9224-451A-A9F6-73E96C9C2104} = {23C2EDB4-13ED-4D50-99B6-EA1495BCD523}
		{8C400EA2-2519-49BE-9530-795D417AAEC9} = {CC90EB9A-8290-4188-B097-D341970EF786}
		{6E8C22AB-650E-4236-9912-F70E7E634E19} = {CC90EB9A-8290-4188-B097-D341970EF786}
		{B0DB1AF1-C353-412E-874F-695D9E6B3FE4} = {CC90EB9A-8290-4188-B097-D341970EF786}
		{572760EB-48E3-4F7A-AB8F-159F024BE1C8} = {A6534361-64BB-4F4C-ABFF-77ED36A56B02}
		{2E5DAFAC-E0DF-4E14-9857-CEF5B6DB097F} = {A6534361-64BB-4F4C-ABFF-77ED36A56B02}
		{FF352D3C-BE89-4514-9EE4-E24B4A779581} = {A6534361-64BB-4F4C-ABFF-77ED36A56B02}
	EndGlobalSection
	GlobalSection(ExtensibilityGlobals) = postSolution
		SolutionGuid = {B99829F3-4BA3-4404-9A5C-B26891794A62}
	EndGlobalSection
EndGlobal
